
Microsoft Visual Studio Solution File, Format Version 12.00
# Visual Studio Version 17
VisualStudioVersion = 17.2.32616.157
MinimumVisualStudioVersion = 10.0.40219.1
Project("{FAE04EC0-301F-11D3-BF4B-00C04F79EFBC}") = "MasterInformation", "MasterInformation\MasterInformation.csproj", "{C10B5211-554C-4109-9AAC-91CF7302FC78}"
EndProject
Global
	GlobalSection(SolutionConfigurationPlatforms) = preSolution
		Debug|Any CPU = Debug|Any CPU
		Release|Any CPU = Release|Any CPU
	EndGlobalSection
	GlobalSection(ProjectConfigurationPlatforms) = postSolution
		{C10B5211-554C-4109-9AAC-91CF7302FC78}.Debug|Any CPU.ActiveCfg = Debug|Any CPU
		{C10B5211-554C-4109-9AAC-91CF7302FC78}.Debug|Any CPU.Build.0 = Debug|Any CPU
		{C10B5211-554C-4109-9AAC-91CF7302FC78}.Release|Any CPU.ActiveCfg = Release|Any CPU
		{C10B5211-554C-4109-9AAC-91CF7302FC78}.Release|Any CPU.Build.0 = Release|Any CPU
	EndGlobalSection
	GlobalSection(SolutionProperties) = preSolution
		HideSolutionNode = FALSE
	EndGlobalSection
	GlobalSection(ExtensibilityGlobals) = postSolution
		SolutionGuid = {127FC4B1-DA1C-4215-A251-E9A4139FA791}
	EndGlobalSection
EndGlobal
